// !$*UTF8*$!
{
	archiveVersion = 1;
	classes = {
	};
	objectVersion = 46;
	objects = {

/* Begin PBXBuildFile section */
		AD26AD421BEC880D00D5195E /* YinDaoYeViewController.swift in Sources */ = {isa = PBXBuildFile; fileRef = AD26AD411BEC880D00D5195E /* YinDaoYeViewController.swift */; };
		AD3EDDBD1BD36E51007E54B9 /* AppDelegate.swift in Sources */ = {isa = PBXBuildFile; fileRef = AD3EDDBC1BD36E51007E54B9 /* AppDelegate.swift */; };
		AD3EDDBF1BD36E51007E54B9 /* NewsViewController.swift in Sources */ = {isa = PBXBuildFile; fileRef = AD3EDDBE1BD36E51007E54B9 /* NewsViewController.swift */; };
		AD3EDDC41BD36E51007E54B9 /* Images.xcassets in Resources */ = {isa = PBXBuildFile; fileRef = AD3EDDC31BD36E51007E54B9 /* Images.xcassets */; };
		AD3EDDC71BD36E51007E54B9 /* LaunchScreen.xib in Resources */ = {isa = PBXBuildFile; fileRef = AD3EDDC51BD36E51007E54B9 /* LaunchScreen.xib */; };
		AD3EDDD31BD36E51007E54B9 /* OwlNewsTests.swift in Sources */ = {isa = PBXBuildFile; fileRef = AD3EDDD21BD36E51007E54B9 /* OwlNewsTests.swift */; };
		AD3EDDDD1BD37AB1007E54B9 /* NewListTableViewController.swift in Sources */ = {isa = PBXBuildFile; fileRef = AD3EDDDC1BD37AB1007E54B9 /* NewListTableViewController.swift */; };
		ADD24BE31BECA9450040CB8F /* Main.storyboard in Resources */ = {isa = PBXBuildFile; fileRef = ADD24BE11BECA9450040CB8F /* Main.storyboard */; };
		ADEE817C1BD65A290050ED54 /* NewsItem.swift in Sources */ = {isa = PBXBuildFile; fileRef = ADEE817B1BD65A290050ED54 /* NewsItem.swift */; };
/* End PBXBuildFile section */

/* Begin PBXContainerItemProxy section */
		AD3EDDCD1BD36E51007E54B9 /* PBXContainerItemProxy */ = {
			isa = PBXContainerItemProxy;
			containerPortal = AD3EDDAF1BD36E50007E54B9 /* Project object */;
			proxyType = 1;
			remoteGlobalIDString = AD3EDDB61BD36E51007E54B9;
			remoteInfo = OwlNews;
		};
/* End PBXContainerItemProxy section */

/* Begin PBXFileReference section */
		AD26AD411BEC880D00D5195E /* YinDaoYeViewController.swift */ = {isa = PBXFileReference; fileEncoding = 4; lastKnownFileType = sourcecode.swift; path = YinDaoYeViewController.swift; sourceTree = "<group>"; };
		AD3EDDB71BD36E51007E54B9 /* OwlNews.app */ = {isa = PBXFileReference; explicitFileType = wrapper.application; includeInIndex = 0; path = OwlNews.app; sourceTree = BUILT_PRODUCTS_DIR; };
		AD3EDDBB1BD36E51007E54B9 /* Info.plist */ = {isa = PBXFileReference; lastKnownFileType = text.plist.xml; path = Info.plist; sourceTree = "<group>"; };
		AD3EDDBC1BD36E51007E54B9 /* AppDelegate.swift */ = {isa = PBXFileReference; lastKnownFileType = sourcecode.swift; path = AppDelegate.swift; sourceTree = "<group>"; };
		AD3EDDBE1BD36E51007E54B9 /* NewsViewController.swift */ = {isa = PBXFileReference; lastKnownFileType = sourcecode.swift; path = NewsViewController.swift; sourceTree = "<group>"; };
		AD3EDDC31BD36E51007E54B9 /* Images.xcassets */ = {isa = PBXFileReference; lastKnownFileType = folder.assetcatalog; path = Images.xcassets; sourceTree = "<group>"; };
		AD3EDDC61BD36E51007E54B9 /* Base */ = {isa = PBXFileReference; lastKnownFileType = file.xib; name = Base; path = Base.lproj/LaunchScreen.xib; sourceTree = "<group>"; };
		AD3EDDCC1BD36E51007E54B9 /* OwlNewsTests.xctest */ = {isa = PBXFileReference; explicitFileType = wrapper.cfbundle; includeInIndex = 0; path = OwlNewsTests.xctest; sourceTree = BUILT_PRODUCTS_DIR; };
		AD3EDDD11BD36E51007E54B9 /* Info.plist */ = {isa = PBXFileReference; lastKnownFileType = text.plist.xml; path = Info.plist; sourceTree = "<group>"; };
		AD3EDDD21BD36E51007E54B9 /* OwlNewsTests.swift */ = {isa = PBXFileReference; lastKnownFileType = sourcecode.swift; path = OwlNewsTests.swift; sourceTree = "<group>"; };
		AD3EDDDC1BD37AB1007E54B9 /* NewListTableViewController.swift */ = {isa = PBXFileReference; fileEncoding = 4; lastKnownFileType = sourcecode.swift; path = NewListTableViewController.swift; sourceTree = "<group>"; };
		ADD24BE21BECA9450040CB8F /* Base */ = {isa = PBXFileReference; lastKnownFileType = file.storyboard; name = Base; path = Base.lproj/Main.storyboard; sourceTree = "<group>"; };
		ADEE817B1BD65A290050ED54 /* NewsItem.swift */ = {isa = PBXFileReference; fileEncoding = 4; lastKnownFileType = sourcecode.swift; path = NewsItem.swift; sourceTree = "<group>"; };
/* End PBXFileReference section */

/* Begin PBXFrameworksBuildPhase section */
		AD3EDDB41BD36E51007E54B9 /* Frameworks */ = {
			isa = PBXFrameworksBuildPhase;
			buildActionMask = 2147483647;
			files = (
			);
			runOnlyForDeploymentPostprocessing = 0;
		};
		AD3EDDC91BD36E51007E54B9 /* Frameworks */ = {
			isa = PBXFrameworksBuildPhase;
			buildActionMask = 2147483647;
			files = (
			);
			runOnlyForDeploymentPostprocessing = 0;
		};
/* End PBXFrameworksBuildPhase section */

/* Begin PBXGroup section */
		AD3EDDAE1BD36E50007E54B9 = {
			isa = PBXGroup;
			children = (
				AD3EDDB91BD36E51007E54B9 /* OwlNews */,
				AD3EDDCF1BD36E51007E54B9 /* OwlNewsTests */,
				AD3EDDB81BD36E51007E54B9 /* Products */,
			);
			sourceTree = "<group>";
		};
		AD3EDDB81BD36E51007E54B9 /* Products */ = {
			isa = PBXGroup;
			children = (
				AD3EDDB71BD36E51007E54B9 /* OwlNews.app */,
				AD3EDDCC1BD36E51007E54B9 /* OwlNewsTests.xctest */,
			);
			name = Products;
			sourceTree = "<group>";
		};
		AD3EDDB91BD36E51007E54B9 /* OwlNews */ = {
			isa = PBXGroup;
			children = (
				ADD24BE11BECA9450040CB8F /* Main.storyboard */,
				AD3EDDBC1BD36E51007E54B9 /* AppDelegate.swift */,
				AD3EDDBE1BD36E51007E54B9 /* NewsViewController.swift */,
				AD3EDDDC1BD37AB1007E54B9 /* NewListTableViewController.swift */,
				AD3EDDC31BD36E51007E54B9 /* Images.xcassets */,
				AD3EDDC51BD36E51007E54B9 /* LaunchScreen.xib */,
				AD3EDDBA1BD36E51007E54B9 /* Supporting Files */,
				ADEE817B1BD65A290050ED54 /* NewsItem.swift */,
				AD26AD411BEC880D00D5195E /* YinDaoYeViewController.swift */,
			);
			path = OwlNews;
			sourceTree = "<group>";
		};
		AD3EDDBA1BD36E51007E54B9 /* Supporting Files */ = {
			isa = PBXGroup;
			children = (
				AD3EDDBB1BD36E51007E54B9 /* Info.plist */,
			);
			name = "Supporting Files";
			sourceTree = "<group>";
		};
		AD3EDDCF1BD36E51007E54B9 /* OwlNewsTests */ = {
			isa = PBXGroup;
			children = (
				AD3EDDD21BD36E51007E54B9 /* OwlNewsTests.swift */,
				AD3EDDD01BD36E51007E54B9 /* Supporting Files */,
			);
			path = OwlNewsTests;
			sourceTree = "<group>";
		};
		AD3EDDD01BD36E51007E54B9 /* Supporting Files */ = {
			isa = PBXGroup;
			children = (
				AD3EDDD11BD36E51007E54B9 /* Info.plist */,
			);
			name = "Supporting Files";
			sourceTree = "<group>";
		};
/* End PBXGroup section */

/* Begin PBXNativeTarget section */
		AD3EDDB61BD36E51007E54B9 /* OwlNews */ = {
			isa = PBXNativeTarget;
			buildConfigurationList = AD3EDDD61BD36E51007E54B9 /* Build configuration list for PBXNativeTarget "OwlNews" */;
			buildPhases = (
				AD3EDDB31BD36E51007E54B9 /* Sources */,
				AD3EDDB41BD36E51007E54B9 /* Frameworks */,
				AD3EDDB51BD36E51007E54B9 /* Resources */,
			);
			buildRules = (
			);
			dependencies = (
			);
			name = OwlNews;
			productName = OwlNews;
			productReference = AD3EDDB71BD36E51007E54B9 /* OwlNews.app */;
			productType = "com.apple.product-type.application";
		};
		AD3EDDCB1BD36E51007E54B9 /* OwlNewsTests */ = {
			isa = PBXNativeTarget;
			buildConfigurationList = AD3EDDD91BD36E51007E54B9 /* Build configuration list for PBXNativeTarget "OwlNewsTests" */;
			buildPhases = (
				AD3EDDC81BD36E51007E54B9 /* Sources */,
				AD3EDDC91BD36E51007E54B9 /* Frameworks */,
				AD3EDDCA1BD36E51007E54B9 /* Resources */,
			);
			buildRules = (
			);
			dependencies = (
				AD3EDDCE1BD36E51007E54B9 /* PBXTargetDependency */,
			);
			name = OwlNewsTests;
			productName = OwlNewsTests;
			productReference = AD3EDDCC1BD36E51007E54B9 /* OwlNewsTests.xctest */;
			productType = "com.apple.product-type.bundle.unit-test";
		};
/* End PBXNativeTarget section */

/* Begin PBXProject section */
		AD3EDDAF1BD36E50007E54B9 /* Project object */ = {
			isa = PBXProject;
			attributes = {
				LastUpgradeCheck = 0630;
				ORGANIZATIONNAME = MrOwl;
				TargetAttributes = {
					AD3EDDB61BD36E51007E54B9 = {
						CreatedOnToolsVersion = 6.3.1;
					};
					AD3EDDCB1BD36E51007E54B9 = {
						CreatedOnToolsVersion = 6.3.1;
						TestTargetID = AD3EDDB61BD36E51007E54B9;
					};
				};
			};
			buildConfigurationList = AD3EDDB21BD36E50007E54B9 /* Build configuration list for PBXProject "OwlNews" */;
			compatibilityVersion = "Xcode 3.2";
			developmentRegion = English;
			hasScannedForEncodings = 0;
			knownRegions = (
				en,
				Base,
			);
			mainGroup = AD3EDDAE1BD36E50007E54B9;
			productRefGroup = AD3EDDB81BD36E51007E54B9 /* Products */;
			projectDirPath = "";
			projectRoot = "";
			targets = (
				AD3EDDB61BD36E51007E54B9 /* OwlNews */,
				AD3EDDCB1BD36E51007E54B9 /* OwlNewsTests */,
			);
		};
/* End PBXProject section */

/* Begin PBXResourcesBuildPhase section */
		AD3EDDB51BD36E51007E54B9 /* Resources */ = {
			isa = PBXResourcesBuildPhase;
			buildActionMask = 2147483647;
			files = (
				ADD24BE31BECA9450040CB8F /* Main.storyboard in Resources */,
				AD3EDDC71BD36E51007E54B9 /* LaunchScreen.xib in Resources */,
				AD3EDDC41BD36E51007E54B9 /* Images.xcassets in Resources */,
			);
			runOnlyForDeploymentPostprocessing = 0;
		};
		AD3EDDCA1BD36E51007E54B9 /* Resources */ = {
			isa = PBXResourcesBuildPhase;
			buildActionMask = 2147483647;
			files = (
			);
			runOnlyForDeploymentPostprocessing = 0;
		};
/* End PBXResourcesBuildPhase section */

/* Begin PBXSourcesBuildPhase section */
		AD3EDDB31BD36E51007E54B9 /* Sources */ = {
			isa = PBXSourcesBuildPhase;
			buildActionMask = 2147483647;
			files = (
				AD3EDDDD1BD37AB1007E54B9 /* NewListTableViewController.swift in Sources */,
				ADEE817C1BD65A290050ED54 /* NewsItem.swift in Sources */,
				AD26AD421BEC880D00D5195E /* YinDaoYeViewController.swift in Sources */,
				AD3EDDBF1BD36E51007E54B9 /* NewsViewController.swift in Sources */,
				AD3EDDBD1BD36E51007E54B9 /* AppDelegate.swift in Sources */,
			);
			runOnlyForDeploymentPostprocessing = 0;
		};
		AD3EDDC81BD36E51007E54B9 /* Sources */ = {
			isa = PBXSourcesBuildPhase;
			buildActionMask = 2147483647;
			files = (
				AD3EDDD31BD36E51007E54B9 /* OwlNewsTests.swift in Sources */,
			);
			runOnlyForDeploymentPostprocessing = 0;
		};
/* End PBXSourcesBuildPhase section */

/* Begin PBXTargetDependency section */
		AD3EDDCE1BD36E51007E54B9 /* PBXTargetDependency */ = {
			isa = PBXTargetDependency;
			target = AD3EDDB61BD36E51007E54B9 /* OwlNews */;
			targetProxy = AD3EDDCD1BD36E51007E54B9 /* PBXContainerItemProxy */;
		};
/* End PBXTargetDependency section */

/* Begin PBXVariantGroup section */
		AD3EDDC51BD36E51007E54B9 /* LaunchScreen.xib */ = {
			isa = PBXVariantGroup;
			children = (
				AD3EDDC61BD36E51007E54B9 /* Base */,
			);
			name = LaunchScreen.xib;
			sourceTree = "<group>";
		};
		ADD24BE11BECA9450040CB8F /* Main.storyboard */ = {
			isa = PBXVariantGroup;
			children = (
				ADD24BE21BECA9450040CB8F /* Base */,
			);
			name = Main.storyboard;
			sourceTree = "<group>";
		};
/* End PBXVariantGroup section */

/* Begin XCBuildConfiguration section */
		AD3EDDD41BD36E51007E54B9 /* Debug */ = {
			isa = XCBuildConfiguration;
			buildSettings = {
				ALWAYS_SEARCH_USER_PATHS = NO;
				CLANG_CXX_LANGUAGE_STANDARD = "gnu++0x";
				CLANG_CXX_LIBRARY = "libc++";
				CLANG_ENABLE_MODULES = YES;
				CLANG_ENABLE_OBJC_ARC = YES;
				CLANG_WARN_BOOL_CONVERSION = YES;
				CLANG_WARN_CONSTANT_CONVERSION = YES;
				CLANG_WARN_DIRECT_OBJC_ISA_USAGE = YES_ERROR;
				CLANG_WARN_EMPTY_BODY = YES;
				CLANG_WARN_ENUM_CONVERSION = YES;
				CLANG_WARN_INT_CONVERSION = YES;
				CLANG_WARN_OBJC_ROOT_CLASS = YES_ERROR;
				CLANG_WARN_UNREACHABLE_CODE = YES;
				CLANG_WARN__DUPLICATE_METHOD_MATCH = YES;
				"CODE_SIGN_IDENTITY[sdk=iphoneos*]" = "iPhone Developer";
				COPY_PHASE_STRIP = NO;
				DEBUG_INFORMATION_FORMAT = "dwarf-with-dsym";
				ENABLE_STRICT_OBJC_MSGSEND = YES;
				GCC_C_LANGUAGE_STANDARD = gnu99;
				GCC_DYNAMIC_NO_PIC = NO;
				GCC_NO_COMMON_BLOCKS = YES;
				GCC_OPTIMIZATION_LEVEL = 0;
				GCC_PREPROCESSOR_DEFINITIONS = (
					"DEBUG=1",
					"$(inherited)",
				);
				GCC_SYMBOLS_PRIVATE_EXTERN = NO;
				GCC_WARN_64_TO_32_BIT_CONVERSION = YES;
				GCC_WARN_ABOUT_RETURN_TYPE = YES_ERROR;
				GCC_WARN_UNDECLARED_SELECTOR = YES;
				GCC_WARN_UNINITIALIZED_AUTOS = YES_AGGRESSIVE;
				GCC_WARN_UNUSED_FUNCTION = YES;
				GCC_WARN_UNUSED_VARIABLE = YES;
				IPHONEOS_DEPLOYMENT_TARGET = 8.3;
				MTL_ENABLE_DEBUG_INFO = YES;
				ONLY_ACTIVE_ARCH = YES;
				SDKROOT = iphoneos;
				SWIFT_OPTIMIZATION_LEVEL = "-Onone";
			};
			name = Debug;
		};
		AD3EDDD51BD36E51007E54B9 /* Release */ = {
			isa = XCBuildConfiguration;
			buildSettings = {
				ALWAYS_SEARCH_USER_PATHS = NO;
				CLANG_CXX_LANGUAGE_STANDARD = "gnu++0x";
				CLANG_CXX_LIBRARY = "libc++";
				CLANG_ENABLE_MODULES = YES;
				CLANG_ENABLE_OBJC_ARC = YES;
				CLANG_WARN_BOOL_CONVERSION = YES;
				CLANG_WARN_CONSTANT_CONVERSION = YES;
				CLANG_WARN_DIRECT_OBJC_ISA_USAGE = YES_ERROR;
				CLANG_WARN_EMPTY_BODY = YES;
				CLANG_WARN_ENUM_CONVERSION = YES;
				CLANG_WARN_INT_CONVERSION = YES;
				CLANG_WARN_OBJC_ROOT_CLASS = YES_ERROR;
				CLANG_WARN_UNREACHABLE_CODE = YES;
				CLANG_WARN__DUPLICATE_METHOD_MATCH = YES;
				"CODE_SIGN_IDENTITY[sdk=iphoneos*]" = "iPhone Developer";
				COPY_PHASE_STRIP = NO;
				DEBUG_INFORMATION_FORMAT = "dwarf-with-dsym";
				ENABLE_NS_ASSERTIONS = NO;
				ENABLE_STRICT_OBJC_MSGSEND = YES;
				GCC_C_LANGUAGE_STANDARD = gnu99;
				GCC_NO_COMMON_BLOCKS = YES;
				GCC_WARN_64_TO_32_BIT_CONVERSION = YES;
				GCC_WARN_ABOUT_RETURN_TYPE = YES_ERROR;
				GCC_WARN_UNDECLARED_SELECTOR = YES;
				GCC_WARN_UNINITIALIZED_AUTOS = YES_AGGRESSIVE;
				GCC_WARN_UNUSED_FUNCTION = YES;
				GCC_WARN_UNUSED_VARIABLE = YES;
				IPHONEOS_DEPLOYMENT_TARGET = 8.3;
				MTL_ENABLE_DEBUG_INFO = NO;
				SDKROOT = iphoneos;
				VALIDATE_PRODUCT = YES;
			};
			name = Release;
		};
		AD3EDDD71BD36E51007E54B9 /* Debug */ = {
			isa = XCBuildConfiguration;
			buildSettings = {
				ASSETCATALOG_COMPILER_APPICON_NAME = AppIcon;
				INFOPLIST_FILE = OwlNews/Info.plist;
				LD_RUNPATH_SEARCH_PATHS = "$(inherited) @executable_path/Frameworks";
				PRODUCT_NAME = "$(TARGET_NAME)";
			};
			name = Debug;
		};
		AD3EDDD81BD36E51007E54B9 /* Release */ = {
			isa = XCBuildConfiguration;
			buildSettings = {
				ASSETCATALOG_COMPILER_APPICON_NAME = AppIcon;
				INFOPLIST_FILE = OwlNews/Info.plist;
				LD_RUNPATH_SEARCH_PATHS = "$(inherited) @executable_path/Frameworks";
				PRODUCT_NAME = "$(TARGET_NAME)";
			};
			name = Release;
		};
		AD3EDDDA1BD36E51007E54B9 /* Debug */ = {
			isa = XCBuildConfiguration;
			buildSettings = {
				BUNDLE_LOADER = "$(TEST_HOST)";
				FRAMEWORK_SEARCH_PATHS = (
					"$(SDKROOT)/Developer/Library/Frameworks",
					"$(inherited)",
				);
				GCC_PREPROCESSOR_DEFINITIONS = (
					"DEBUG=1",
					"$(inherited)",
				);
				INFOPLIST_FILE = OwlNewsTests/Info.plist;
				LD_RUNPATH_SEARCH_PATHS = "$(inherited) @executable_path/Frameworks @loader_path/Frameworks";
				PRODUCT_NAME = "$(TARGET_NAME)";
				TEST_HOST = "$(BUILT_PRODUCTS_DIR)/OwlNews.app/OwlNews";
			};
			name = Debug;
		};
		AD3EDDDB1BD36E51007E54B9 /* Release */ = {
			isa = XCBuildConfiguration;
			buildSettings = {
				BUNDLE_LOADER = "$(TEST_HOST)";
				FRAMEWORK_SEARCH_PATHS = (
					"$(SDKROOT)/Developer/Library/Frameworks",
					"$(inherited)",
				);
				INFOPLIST_FILE = OwlNewsTests/Info.plist;
				LD_RUNPATH_SEARCH_PATHS = "$(inherited) @executable_path/Frameworks @loader_path/Frameworks";
				PRODUCT_NAME = "$(TARGET_NAME)";
				TEST_HOST = "$(BUILT_PRODUCTS_DIR)/OwlNews.app/OwlNews";
			};
			name = Release;
		};
/* End XCBuildConfiguration section */

/* Begin XCConfigurationList section */
		AD3EDDB21BD36E50007E54B9 /* Build configuration list for PBXProject "OwlNews" */ = {
			isa = XCConfigurationList;
			buildConfigurations = (
				AD3EDDD41BD36E51007E54B9 /* Debug */,
				AD3EDDD51BD36E51007E54B9 /* Release */,
			);
			defaultConfigurationIsVisible = 0;
			defaultConfigurationName = Release;
		};
		AD3EDDD61BD36E51007E54B9 /* Build configuration list for PBXNativeTarget "OwlNews" */ = {
			isa = XCConfigurationList;
			buildConfigurations = (
				AD3EDDD71BD36E51007E54B9 /* Debug */,
				AD3EDDD81BD36E51007E54B9 /* Release */,
			);
			defaultConfigurationIsVisible = 0;
			defaultConfigurationName = Release;
		};
		AD3EDDD91BD36E51007E54B9 /* Build configuration list for PBXNativeTarget "OwlNewsTests" */ = {
			isa = XCConfigurationList;
			buildConfigurations = (
				AD3EDDDA1BD36E51007E54B9 /* Debug */,
				AD3EDDDB1BD36E51007E54B9 /* Release */,
			);
			defaultConfigurationIsVisible = 0;
			defaultConfigurationName = Release;
		};
/* End XCConfigurationList section */
	};
	rootObject = AD3EDDAF1BD36E50007E54B9 /* Project object */;
}
